// !$*UTF8*$!
{
	archiveVersion = 1;
	classes = {
	};
	objectVersion = 46;
	objects = {

/* Begin PBXBuildFile section */
		B879E862180615A3007F0666 /* Foundation.framework in Frameworks */ = {isa = PBXBuildFile; fileRef = B879E861180615A3007F0666 /* Foundation.framework */; };
		B879E864180615A3007F0666 /* CoreGraphics.framework in Frameworks */ = {isa = PBXBuildFile; fileRef = B879E863180615A3007F0666 /* CoreGraphics.framework */; };
		B879E866180615A3007F0666 /* UIKit.framework in Frameworks */ = {isa = PBXBuildFile; fileRef = B879E865180615A3007F0666 /* UIKit.framework */; };
		B879E86C180615A3007F0666 /* InfoPlist.strings in Resources */ = {isa = PBXBuildFile; fileRef = B879E86A180615A3007F0666 /* InfoPlist.strings */; };
		B879E86E180615A3007F0666 /* main.m in Sources */ = {isa = PBXBuildFile; fileRef = B879E86D180615A3007F0666 /* main.m */; };
		B879E872180615A3007F0666 /* AppDelegate.m in Sources */ = {isa = PBXBuildFile; fileRef = B879E871180615A3007F0666 /* AppDelegate.m */; };
		B879E874180615A3007F0666 /* Images.xcassets in Resources */ = {isa = PBXBuildFile; fileRef = B879E873180615A3007F0666 /* Images.xcassets */; };
		B879E87B180615A3007F0666 /* XCTest.framework in Frameworks */ = {isa = PBXBuildFile; fileRef = B879E87A180615A3007F0666 /* XCTest.framework */; };
		B879E87C180615A3007F0666 /* Foundation.framework in Frameworks */ = {isa = PBXBuildFile; fileRef = B879E861180615A3007F0666 /* Foundation.framework */; };
		B879E87D180615A3007F0666 /* UIKit.framework in Frameworks */ = {isa = PBXBuildFile; fileRef = B879E865180615A3007F0666 /* UIKit.framework */; };
		B879E885180615A3007F0666 /* InfoPlist.strings in Resources */ = {isa = PBXBuildFile; fileRef = B879E883180615A3007F0666 /* InfoPlist.strings */; };
		B879E887180615A3007F0666 /* cocoapodstesttargetTests.m in Sources */ = {isa = PBXBuildFile; fileRef = B879E886180615A3007F0666 /* cocoapodstesttargetTests.m */; };
/* End PBXBuildFile section */

/* Begin PBXContainerItemProxy section */
		B879E87E180615A3007F0666 /* PBXContainerItemProxy */ = {
			isa = PBXContainerItemProxy;
			containerPortal = B879E856180615A3007F0666 /* Project object */;
			proxyType = 1;
			remoteGlobalIDString = B879E85D180615A3007F0666;
			remoteInfo = cocoapodstesttarget;
		};
/* End PBXContainerItemProxy section */

/* Begin PBXFileReference section */
		B879E85E180615A3007F0666 /* cocoapodstesttarget.app */ = {isa = PBXFileReference; explicitFileType = wrapper.application; includeInIndex = 0; path = cocoapodstesttarget.app; sourceTree = BUILT_PRODUCTS_DIR; };
		B879E861180615A3007F0666 /* Foundation.framework */ = {isa = PBXFileReference; lastKnownFileType = wrapper.framework; name = Foundation.framework; path = System/Library/Frameworks/Foundation.framework; sourceTree = SDKROOT; };
		B879E863180615A3007F0666 /* CoreGraphics.framework */ = {isa = PBXFileReference; lastKnownFileType = wrapper.framework; name = CoreGraphics.framework; path = System/Library/Frameworks/CoreGraphics.framework; sourceTree = SDKROOT; };
		B879E865180615A3007F0666 /* UIKit.framework */ = {isa = PBXFileReference; lastKnownFileType = wrapper.framework; name = UIKit.framework; path = System/Library/Frameworks/UIKit.framework; sourceTree = SDKROOT; };
		B879E869180615A3007F0666 /* cocoapodstesttarget-Info.plist */ = {isa = PBXFileReference; lastKnownFileType = text.plist.xml; path = "cocoapodstesttarget-Info.plist"; sourceTree = "<group>"; };
		B879E86B180615A3007F0666 /* en */ = {isa = PBXFileReference; lastKnownFileType = text.plist.strings; name = en; path = en.lproj/InfoPlist.strings; sourceTree = "<group>"; };
		B879E86D180615A3007F0666 /* main.m */ = {isa = PBXFileReference; lastKnownFileType = sourcecode.c.objc; path = main.m; sourceTree = "<group>"; };
		B879E86F180615A3007F0666 /* cocoapodstesttarget-Prefix.pch */ = {isa = PBXFileReference; lastKnownFileType = sourcecode.c.h; path = "cocoapodstesttarget-Prefix.pch"; sourceTree = "<group>"; };
		B879E870180615A3007F0666 /* AppDelegate.h */ = {isa = PBXFileReference; lastKnownFileType = sourcecode.c.h; path = AppDelegate.h; sourceTree = "<group>"; };
		B879E871180615A3007F0666 /* AppDelegate.m */ = {isa = PBXFileReference; lastKnownFileType = sourcecode.c.objc; path = AppDelegate.m; sourceTree = "<group>"; };
		B879E873180615A3007F0666 /* Images.xcassets */ = {isa = PBXFileReference; lastKnownFileType = folder.assetcatalog; path = Images.xcassets; sourceTree = "<group>"; };
		B879E879180615A3007F0666 /* cocoapodstesttargetTests.xctest */ = {isa = PBXFileReference; explicitFileType = wrapper.cfbundle; includeInIndex = 0; path = cocoapodstesttargetTests.xctest; sourceTree = BUILT_PRODUCTS_DIR; };
		B879E87A180615A3007F0666 /* XCTest.framework */ = {isa = PBXFileReference; lastKnownFileType = wrapper.framework; name = XCTest.framework; path = Library/Frameworks/XCTest.framework; sourceTree = DEVELOPER_DIR; };
		B879E882180615A3007F0666 /* cocoapodstesttargetTests-Info.plist */ = {isa = PBXFileReference; lastKnownFileType = text.plist.xml; path = "cocoapodstesttargetTests-Info.plist"; sourceTree = "<group>"; };
		B879E884180615A3007F0666 /* en */ = {isa = PBXFileReference; lastKnownFileType = text.plist.strings; name = en; path = en.lproj/InfoPlist.strings; sourceTree = "<group>"; };
		B879E886180615A3007F0666 /* cocoapodstesttargetTests.m */ = {isa = PBXFileReference; lastKnownFileType = sourcecode.c.objc; path = cocoapodstesttargetTests.m; sourceTree = "<group>"; };
/* End PBXFileReference section */

/* Begin PBXFrameworksBuildPhase section */
		B879E85B180615A3007F0666 /* Frameworks */ = {
			isa = PBXFrameworksBuildPhase;
			buildActionMask = 2147483647;
			files = (
				B879E864180615A3007F0666 /* CoreGraphics.framework in Frameworks */,
				B879E866180615A3007F0666 /* UIKit.framework in Frameworks */,
				B879E862180615A3007F0666 /* Foundation.framework in Frameworks */,
			);
			runOnlyForDeploymentPostprocessing = 0;
		};
		B879E876180615A3007F0666 /* Frameworks */ = {
			isa = PBXFrameworksBuildPhase;
			buildActionMask = 2147483647;
			files = (
				B879E87B180615A3007F0666 /* XCTest.framework in Frameworks */,
				B879E87D180615A3007F0666 /* UIKit.framework in Frameworks */,
				B879E87C180615A3007F0666 /* Foundation.framework in Frameworks */,
			);
			runOnlyForDeploymentPostprocessing = 0;
		};
/* End PBXFrameworksBuildPhase section */

/* Begin PBXGroup section */
		B879E855180615A3007F0666 = {
			isa = PBXGroup;
			children = (
				B879E867180615A3007F0666 /* cocoapodstesttarget */,
				B879E880180615A3007F0666 /* cocoapodstesttargetTests */,
				B879E860180615A3007F0666 /* Frameworks */,
				B879E85F180615A3007F0666 /* Products */,
			);
			sourceTree = "<group>";
		};
		B879E85F180615A3007F0666 /* Products */ = {
			isa = PBXGroup;
			children = (
				B879E85E180615A3007F0666 /* cocoapodstesttarget.app */,
				B879E879180615A3007F0666 /* cocoapodstesttargetTests.xctest */,
			);
			name = Products;
			sourceTree = "<group>";
		};
		B879E860180615A3007F0666 /* Frameworks */ = {
			isa = PBXGroup;
			children = (
				B879E861180615A3007F0666 /* Foundation.framework */,
				B879E863180615A3007F0666 /* CoreGraphics.framework */,
				B879E865180615A3007F0666 /* UIKit.framework */,
				B879E87A180615A3007F0666 /* XCTest.framework */,
			);
			name = Frameworks;
			sourceTree = "<group>";
		};
		B879E867180615A3007F0666 /* cocoapodstesttarget */ = {
			isa = PBXGroup;
			children = (
				B879E870180615A3007F0666 /* AppDelegate.h */,
				B879E871180615A3007F0666 /* AppDelegate.m */,
				B879E873180615A3007F0666 /* Images.xcassets */,
				B879E868180615A3007F0666 /* Supporting Files */,
			);
			path = cocoapodstesttarget;
			sourceTree = "<group>";
		};
		B879E868180615A3007F0666 /* Supporting Files */ = {
			isa = PBXGroup;
			children = (
				B879E869180615A3007F0666 /* cocoapodstesttarget-Info.plist */,
				B879E86A180615A3007F0666 /* InfoPlist.strings */,
				B879E86D180615A3007F0666 /* main.m */,
				B879E86F180615A3007F0666 /* cocoapodstesttarget-Prefix.pch */,
			);
			name = "Supporting Files";
			sourceTree = "<group>";
		};
		B879E880180615A3007F0666 /* cocoapodstesttargetTests */ = {
			isa = PBXGroup;
			children = (
				B879E886180615A3007F0666 /* cocoapodstesttargetTests.m */,
				B879E881180615A3007F0666 /* Supporting Files */,
			);
			path = cocoapodstesttargetTests;
			sourceTree = "<group>";
		};
		B879E881180615A3007F0666 /* Supporting Files */ = {
			isa = PBXGroup;
			children = (
				B879E882180615A3007F0666 /* cocoapodstesttargetTests-Info.plist */,
				B879E883180615A3007F0666 /* InfoPlist.strings */,
			);
			name = "Supporting Files";
			sourceTree = "<group>";
		};
/* End PBXGroup section */

/* Begin PBXNativeTarget section */
		B879E85D180615A3007F0666 /* cocoapodstesttarget */ = {
			isa = PBXNativeTarget;
			buildConfigurationList = B879E88A180615A3007F0666 /* Build configuration list for PBXNativeTarget "cocoapodstesttarget" */;
			buildPhases = (
				B879E85A180615A3007F0666 /* Sources */,
				B879E85B180615A3007F0666 /* Frameworks */,
				B879E85C180615A3007F0666 /* Resources */,
			);
			buildRules = (
			);
			dependencies = (
			);
			name = cocoapodstesttarget;
			productName = cocoapodstesttarget;
			productReference = B879E85E180615A3007F0666 /* cocoapodstesttarget.app */;
			productType = "com.apple.product-type.application";
		};
		B879E878180615A3007F0666 /* cocoapodstesttargetTests */ = {
			isa = PBXNativeTarget;
			buildConfigurationList = B879E88D180615A3007F0666 /* Build configuration list for PBXNativeTarget "cocoapodstesttargetTests" */;
			buildPhases = (
				B879E875180615A3007F0666 /* Sources */,
				B879E876180615A3007F0666 /* Frameworks */,
				B879E877180615A3007F0666 /* Resources */,
			);
			buildRules = (
			);
			dependencies = (
				B879E87F180615A3007F0666 /* PBXTargetDependency */,
			);
			name = cocoapodstesttargetTests;
			productName = cocoapodstesttargetTests;
			productReference = B879E879180615A3007F0666 /* cocoapodstesttargetTests.xctest */;
			productType = "com.apple.product-type.bundle.unit-test";
		};
/* End PBXNativeTarget section */

/* Begin PBXProject section */
		B879E856180615A3007F0666 /* Project object */ = {
			isa = PBXProject;
			attributes = {
				LastUpgradeCheck = 0500;
				ORGANIZATIONNAME = Gryphn;
				TargetAttributes = {
					B879E878180615A3007F0666 = {
						TestTargetID = B879E85D180615A3007F0666;
					};
				};
			};
			buildConfigurationList = B879E859180615A3007F0666 /* Build configuration list for PBXProject "cocoapodstesttarget" */;
			compatibilityVersion = "Xcode 3.2";
			developmentRegion = English;
			hasScannedForEncodings = 0;
			knownRegions = (
				en,
			);
			mainGroup = B879E855180615A3007F0666;
			productRefGroup = B879E85F180615A3007F0666 /* Products */;
			projectDirPath = "";
			projectRoot = "";
			targets = (
				B879E85D180615A3007F0666 /* cocoapodstesttarget */,
				B879E878180615A3007F0666 /* cocoapodstesttargetTests */,
			);
		};
/* End PBXProject section */

/* Begin PBXResourcesBuildPhase section */
		B879E85C180615A3007F0666 /* Resources */ = {
			isa = PBXResourcesBuildPhase;
			buildActionMask = 2147483647;
			files = (
				B879E86C180615A3007F0666 /* InfoPlist.strings in Resources */,
				B879E874180615A3007F0666 /* Images.xcassets in Resources */,
			);
			runOnlyForDeploymentPostprocessing = 0;
		};
		B879E877180615A3007F0666 /* Resources */ = {
			isa = PBXResourcesBuildPhase;
			buildActionMask = 2147483647;
			files = (
				B879E885180615A3007F0666 /* InfoPlist.strings in Resources */,
			);
			runOnlyForDeploymentPostprocessing = 0;
		};
/* End PBXResourcesBuildPhase section */

/* Begin PBXSourcesBuildPhase section */
		B879E85A180615A3007F0666 /* Sources */ = {
			isa = PBXSourcesBuildPhase;
			buildActionMask = 2147483647;
			files = (
				B879E872180615A3007F0666 /* AppDelegate.m in Sources */,
				B879E86E180615A3007F0666 /* main.m in Sources */,
			);
			runOnlyForDeploymentPostprocessing = 0;
		};
		B879E875180615A3007F0666 /* Sources */ = {
			isa = PBXSourcesBuildPhase;
			buildActionMask = 2147483647;
			files = (
				B879E887180615A3007F0666 /* cocoapodstesttargetTests.m in Sources */,
			);
			runOnlyForDeploymentPostprocessing = 0;
		};
/* End PBXSourcesBuildPhase section */

/* Begin PBXTargetDependency section */
		B879E87F180615A3007F0666 /* PBXTargetDependency */ = {
			isa = PBXTargetDependency;
			target = B879E85D180615A3007F0666 /* cocoapodstesttarget */;
			targetProxy = B879E87E180615A3007F0666 /* PBXContainerItemProxy */;
		};
/* End PBXTargetDependency section */

/* Begin PBXVariantGroup section */
		B879E86A180615A3007F0666 /* InfoPlist.strings */ = {
			isa = PBXVariantGroup;
			children = (
				B879E86B180615A3007F0666 /* en */,
			);
			name = InfoPlist.strings;
			sourceTree = "<group>";
		};
		B879E883180615A3007F0666 /* InfoPlist.strings */ = {
			isa = PBXVariantGroup;
			children = (
				B879E884180615A3007F0666 /* en */,
			);
			name = InfoPlist.strings;
			sourceTree = "<group>";
		};
/* End PBXVariantGroup section */

/* Begin XCBuildConfiguration section */
		B879E888180615A3007F0666 /* Debug */ = {
			isa = XCBuildConfiguration;
			buildSettings = {
				ALWAYS_SEARCH_USER_PATHS = NO;
				ARCHS = "$(ARCHS_STANDARD_INCLUDING_64_BIT)";
				CLANG_CXX_LANGUAGE_STANDARD = "gnu++0x";
				CLANG_CXX_LIBRARY = "libc++";
				CLANG_ENABLE_MODULES = YES;
				CLANG_ENABLE_OBJC_ARC = YES;
				CLANG_WARN_BOOL_CONVERSION = YES;
				CLANG_WARN_CONSTANT_CONVERSION = YES;
				CLANG_WARN_DIRECT_OBJC_ISA_USAGE = YES_ERROR;
				CLANG_WARN_EMPTY_BODY = YES;
				CLANG_WARN_ENUM_CONVERSION = YES;
				CLANG_WARN_INT_CONVERSION = YES;
				CLANG_WARN_OBJC_ROOT_CLASS = YES_ERROR;
				CLANG_WARN__DUPLICATE_METHOD_MATCH = YES;
				"CODE_SIGN_IDENTITY[sdk=iphoneos*]" = "iPhone Developer";
				COPY_PHASE_STRIP = NO;
				GCC_C_LANGUAGE_STANDARD = gnu99;
				GCC_DYNAMIC_NO_PIC = NO;
				GCC_OPTIMIZATION_LEVEL = 0;
				GCC_PREPROCESSOR_DEFINITIONS = (
					"DEBUG=1",
					"$(inherited)",
				);
				GCC_SYMBOLS_PRIVATE_EXTERN = NO;
				GCC_WARN_64_TO_32_BIT_CONVERSION = YES;
				GCC_WARN_ABOUT_RETURN_TYPE = YES_ERROR;
				GCC_WARN_UNDECLARED_SELECTOR = YES;
				GCC_WARN_UNINITIALIZED_AUTOS = YES;
				GCC_WARN_UNUSED_FUNCTION = YES;
				GCC_WARN_UNUSED_VARIABLE = YES;
				IPHONEOS_DEPLOYMENT_TARGET = 7.0;
				ONLY_ACTIVE_ARCH = YES;
				SDKROOT = iphoneos;
				TARGETED_DEVICE_FAMILY = "1,2";
			};
			name = Debug;
		};
		B879E889180615A3007F0666 /* Release */ = {
			isa = XCBuildConfiguration;
			buildSettings = {
				ALWAYS_SEARCH_USER_PATHS = NO;
				ARCHS = "$(ARCHS_STANDARD_INCLUDING_64_BIT)";
				CLANG_CXX_LANGUAGE_STANDARD = "gnu++0x";
				CLANG_CXX_LIBRARY = "libc++";
				CLANG_ENABLE_MODULES = YES;
				CLANG_ENABLE_OBJC_ARC = YES;
				CLANG_WARN_BOOL_CONVERSION = YES;
				CLANG_WARN_CONSTANT_CONVERSION = YES;
				CLANG_WARN_DIRECT_OBJC_ISA_USAGE = YES_ERROR;
				CLANG_WARN_EMPTY_BODY = YES;
				CLANG_WARN_ENUM_CONVERSION = YES;
				CLANG_WARN_INT_CONVERSION = YES;
				CLANG_WARN_OBJC_ROOT_CLASS = YES_ERROR;
				CLANG_WARN__DUPLICATE_METHOD_MATCH = YES;
				"CODE_SIGN_IDENTITY[sdk=iphoneos*]" = "iPhone Developer";
				COPY_PHASE_STRIP = YES;
				ENABLE_NS_ASSERTIONS = NO;
				GCC_C_LANGUAGE_STANDARD = gnu99;
				GCC_WARN_64_TO_32_BIT_CONVERSION = YES;
				GCC_WARN_ABOUT_RETURN_TYPE = YES_ERROR;
				GCC_WARN_UNDECLARED_SELECTOR = YES;
				GCC_WARN_UNINITIALIZED_AUTOS = YES;
				GCC_WARN_UNUSED_FUNCTION = YES;
				GCC_WARN_UNUSED_VARIABLE = YES;
				IPHONEOS_DEPLOYMENT_TARGET = 7.0;
				SDKROOT = iphoneos;
				TARGETED_DEVICE_FAMILY = "1,2";
				VALIDATE_PRODUCT = YES;
			};
			name = Release;
		};
		B879E88B180615A3007F0666 /* Debug */ = {
			isa = XCBuildConfiguration;
			buildSettings = {
				ASSETCATALOG_COMPILER_APPICON_NAME = AppIcon;
				ASSETCATALOG_COMPILER_LAUNCHIMAGE_NAME = LaunchImage;
				GCC_PRECOMPILE_PREFIX_HEADER = YES;
				GCC_PREFIX_HEADER = "cocoapodstesttarget/cocoapodstesttarget-Prefix.pch";
				INFOPLIST_FILE = "cocoapodstesttarget/cocoapodstesttarget-Info.plist";
				PRODUCT_NAME = "$(TARGET_NAME)";
				WRAPPER_EXTENSION = app;
			};
			name = Debug;
		};
		B879E88C180615A3007F0666 /* Release */ = {
			isa = XCBuildConfiguration;
			buildSettings = {
				ASSETCATALOG_COMPILER_APPICON_NAME = AppIcon;
				ASSETCATALOG_COMPILER_LAUNCHIMAGE_NAME = LaunchImage;
				GCC_PRECOMPILE_PREFIX_HEADER = YES;
				GCC_PREFIX_HEADER = "cocoapodstesttarget/cocoapodstesttarget-Prefix.pch";
				INFOPLIST_FILE = "cocoapodstesttarget/cocoapodstesttarget-Info.plist";
				PRODUCT_NAME = "$(TARGET_NAME)";
				WRAPPER_EXTENSION = app;
			};
			name = Release;
		};
		B879E88E180615A3007F0666 /* Debug */ = {
			isa = XCBuildConfiguration;
			buildSettings = {
				ARCHS = "$(ARCHS_STANDARD_INCLUDING_64_BIT)";
				BUNDLE_LOADER = "$(BUILT_PRODUCTS_DIR)/cocoapodstesttarget.app/cocoapodstesttarget";
				FRAMEWORK_SEARCH_PATHS = (
					"$(SDKROOT)/Developer/Library/Frameworks",
					"$(inherited)",
					"$(DEVELOPER_FRAMEWORKS_DIR)",
				);
				GCC_PRECOMPILE_PREFIX_HEADER = YES;
				GCC_PREFIX_HEADER = "cocoapodstesttarget/cocoapodstesttarget-Prefix.pch";
				GCC_PREPROCESSOR_DEFINITIONS = (
					"DEBUG=1",
					"$(inherited)",
				);
				INFOPLIST_FILE = "cocoapodstesttargetTests/cocoapodstesttargetTests-Info.plist";
				PRODUCT_NAME = "$(TARGET_NAME)";
				TEST_HOST = "$(BUNDLE_LOADER)";
				WRAPPER_EXTENSION = xctest;
			};
			name = Debug;
		};
		B879E88F180615A3007F0666 /* Release */ = {
			isa = XCBuildConfiguration;
			buildSettings = {
				ARCHS = "$(ARCHS_STANDARD_INCLUDING_64_BIT)";
				BUNDLE_LOADER = "$(BUILT_PRODUCTS_DIR)/cocoapodstesttarget.app/cocoapodstesttarget";
				FRAMEWORK_SEARCH_PATHS = (
					"$(SDKROOT)/Developer/Library/Frameworks",
					"$(inherited)",
					"$(DEVELOPER_FRAMEWORKS_DIR)",
				);
				GCC_PRECOMPILE_PREFIX_HEADER = YES;
				GCC_PREFIX_HEADER = "cocoapodstesttarget/cocoapodstesttarget-Prefix.pch";
				INFOPLIST_FILE = "cocoapodstesttargetTests/cocoapodstesttargetTests-Info.plist";
				PRODUCT_NAME = "$(TARGET_NAME)";
				TEST_HOST = "$(BUNDLE_LOADER)";
				WRAPPER_EXTENSION = xctest;
			};
			name = Release;
		};
/* End XCBuildConfiguration section */

/* Begin XCConfigurationList section */
		B879E859180615A3007F0666 /* Build configuration list for PBXProject "cocoapodstesttarget" */ = {
			isa = XCConfigurationList;
			buildConfigurations = (
				B879E888180615A3007F0666 /* Debug */,
				B879E889180615A3007F0666 /* Release */,
			);
			defaultConfigurationIsVisible = 0;
			defaultConfigurationName = Release;
		};
		B879E88A180615A3007F0666 /* Build configuration list for PBXNativeTarget "cocoapodstesttarget" */ = {
			isa = XCConfigurationList;
			buildConfigurations = (
				B879E88B180615A3007F0666 /* Debug */,
				B879E88C180615A3007F0666 /* Release */,
			);
			defaultConfigurationIsVisible = 0;
		};
		B879E88D180615A3007F0666 /* Build configuration list for PBXNativeTarget "cocoapodstesttargetTests" */ = {
			isa = XCConfigurationList;
			buildConfigurations = (
				B879E88E180615A3007F0666 /* Debug */,
				B879E88F180615A3007F0666 /* Release */,
			);
			defaultConfigurationIsVisible = 0;
		};
/* End XCConfigurationList section */
	};
	rootObject = B879E856180615A3007F0666 /* Project object */;
}
